
Microsoft Visual Studio Solution File, Format Version 11.00
# Visual Studio 2010
Project("{2150E333-8FDC-42A3-9474-1A3956D46DE8}") = "src", "src", "{983AB690-DEA2-466D-94E1-AA13D4596BD3}"
EndProject
Project("{FAE04EC0-301F-11D3-BF4B-00C04F79EFBC}") = "EasyMongo", "src\EasyMongo\EasyMongo.csproj", "{C085168F-683C-406B-B28A-198DF0239844}"
EndProject
Project("{2150E333-8FDC-42A3-9474-1A3956D46DE8}") = "tests", "tests", "{57702968-1183-48B5-BC46-D31EED3132E7}"
EndProject
Project("{FAE04EC0-301F-11D3-BF4B-00C04F79EFBC}") = "EasyMongo.Test", "tests\EasyMongo.Test\EasyMongo.Test.csproj", "{BF4C67EB-55B8-4721-B5E8-5D95FAD83F8E}"
EndProject
Global
	GlobalSection(SolutionConfigurationPlatforms) = preSolution
		Debug|Any CPU = Debug|Any CPU
		Release|Any CPU = Release|Any CPU
	EndGlobalSection
	GlobalSection(ProjectConfigurationPlatforms) = postSolution
		{C085168F-683C-406B-B28A-198DF0239844}.Debug|Any CPU.ActiveCfg = Debug|Any CPU
		{C085168F-683C-406B-B28A-198DF0239844}.Debug|Any CPU.Build.0 = Debug|Any CPU
		{C085168F-683C-406B-B28A-198DF0239844}.Release|Any CPU.ActiveCfg = Release|Any CPU
		{C085168F-683C-406B-B28A-198DF0239844}.Release|Any CPU.Build.0 = Release|Any CPU
		{BF4C67EB-55B8-4721-B5E8-5D95FAD83F8E}.Debug|Any CPU.ActiveCfg = Debug|Any CPU
		{BF4C67EB-55B8-4721-B5E8-5D95FAD83F8E}.Debug|Any CPU.Build.0 = Debug|Any CPU
		{BF4C67EB-55B8-4721-B5E8-5D95FAD83F8E}.Release|Any CPU.ActiveCfg = Release|Any CPU
		{BF4C67EB-55B8-4721-B5E8-5D95FAD83F8E}.Release|Any CPU.Build.0 = Release|Any CPU
	EndGlobalSection
	GlobalSection(SolutionProperties) = preSolution
		HideSolutionNode = FALSE
	EndGlobalSection
	GlobalSection(NestedProjects) = preSolution
		{C085168F-683C-406B-B28A-198DF0239844} = {983AB690-DEA2-466D-94E1-AA13D4596BD3}
		{BF4C67EB-55B8-4721-B5E8-5D95FAD83F8E} = {57702968-1183-48B5-BC46-D31EED3132E7}
	EndGlobalSection
EndGlobal
